
Microsoft Visual Studio Solution File, Format Version 12.00
# Visual Studio Version 16
VisualStudioVersion = 16.0.29319.158
MinimumVisualStudioVersion = 10.0.40219.1
Project("{FAE04EC0-301F-11D3-BF4B-00C04F79EFBC}") = "InteropTools", "InteropTools\InteropTools.csproj", "{6B413BF9-FFE3-4FB5-BC57-830EE4773198}"
EndProject
Project("{FAE04EC0-301F-11D3-BF4B-00C04F79EFBC}") = "Intense", "Libs\Intense\Intense.csproj", "{D2A81C93-B22F-4A64-B582-8ED6AD8ADC4F}"
EndProject
Project("{FAE04EC0-301F-11D3-BF4B-00C04F79EFBC}") = "RegistryHelper", "Legacy\RegistryHelper\RegistryHelper.csproj", "{1A9B9624-DCDE-47F9-B12E-64061B85EC72}"
EndProject
Project("{8BC9CEB8-8B4A-11D0-8D11-00A0C91BC942}") = "ndtklib", "Legacy\ndtklib\ndtklib.vcxproj", "{434FF158-6783-40B2-B32E-7D4AB0F2A9E9}"
EndProject
Project("{8BC9CEB8-8B4A-11D0-8D11-00A0C91BC942}") = "RegistryRT", "Legacy\RegistryRT\RegistryRT.vcxproj", "{84A7225C-2DAF-410D-AB85-282AB220A89F}"
EndProject
Global
	GlobalSection(SolutionConfigurationPlatforms) = preSolution
		Debug|Any CPU = Debug|Any CPU
		Debug|ARM = Debug|ARM
		Debug|ARM64 = Debug|ARM64
		Debug|x64 = Debug|x64
		Debug|x86 = Debug|x86
		Release|Any CPU = Release|Any CPU
		Release|ARM = Release|ARM
		Release|ARM64 = Release|ARM64
		Release|x64 = Release|x64
		Release|x86 = Release|x86
		StoreDebug|Any CPU = StoreDebug|Any CPU
		StoreDebug|ARM = StoreDebug|ARM
		StoreDebug|ARM64 = StoreDebug|ARM64
		StoreDebug|x64 = StoreDebug|x64
		StoreDebug|x86 = StoreDebug|x86
		StoreRelease|Any CPU = StoreRelease|Any CPU
		StoreRelease|ARM = StoreRelease|ARM
		StoreRelease|ARM64 = StoreRelease|ARM64
		StoreRelease|x64 = StoreRelease|x64
		StoreRelease|x86 = StoreRelease|x86
	EndGlobalSection
	GlobalSection(ProjectConfigurationPlatforms) = postSolution
		{6B413BF9-FFE3-4FB5-BC57-830EE4773198}.Debug|Any CPU.ActiveCfg = Debug|x86
		{6B413BF9-FFE3-4FB5-BC57-830EE4773198}.Debug|ARM.ActiveCfg = Debug|ARM
		{6B413BF9-FFE3-4FB5-BC57-830EE4773198}.Debug|ARM.Build.0 = Debug|ARM
		{6B413BF9-FFE3-4FB5-BC57-830EE4773198}.Debug|ARM.Deploy.0 = Debug|ARM
		{6B413BF9-FFE3-4FB5-BC57-830EE4773198}.Debug|ARM64.ActiveCfg = Debug|ARM64
		{6B413BF9-FFE3-4FB5-BC57-830EE4773198}.Debug|ARM64.Build.0 = Debug|ARM64
		{6B413BF9-FFE3-4FB5-BC57-830EE4773198}.Debug|x64.ActiveCfg = Debug|x64
		{6B413BF9-FFE3-4FB5-BC57-830EE4773198}.Debug|x64.Build.0 = Debug|x64
		{6B413BF9-FFE3-4FB5-BC57-830EE4773198}.Debug|x64.Deploy.0 = Debug|x64
		{6B413BF9-FFE3-4FB5-BC57-830EE4773198}.Debug|x86.ActiveCfg = Debug|x86
		{6B413BF9-FFE3-4FB5-BC57-830EE4773198}.Debug|x86.Build.0 = Debug|x86
		{6B413BF9-FFE3-4FB5-BC57-830EE4773198}.Debug|x86.Deploy.0 = Debug|x86
		{6B413BF9-FFE3-4FB5-BC57-830EE4773198}.Release|Any CPU.ActiveCfg = Release|x86
		{6B413BF9-FFE3-4FB5-BC57-830EE4773198}.Release|ARM.ActiveCfg = Release|ARM
		{6B413BF9-FFE3-4FB5-BC57-830EE4773198}.Release|ARM.Build.0 = Release|ARM
		{6B413BF9-FFE3-4FB5-BC57-830EE4773198}.Release|ARM.Deploy.0 = Release|ARM
		{6B413BF9-FFE3-4FB5-BC57-830EE4773198}.Release|ARM64.ActiveCfg = Release|ARM64
		{6B413BF9-FFE3-4FB5-BC57-830EE4773198}.Release|ARM64.Build.0 = Release|ARM64
		{6B413BF9-FFE3-4FB5-BC57-830EE4773198}.Release|x64.ActiveCfg = Release|x64
		{6B413BF9-FFE3-4FB5-BC57-830EE4773198}.Release|x64.Build.0 = Release|x64
		{6B413BF9-FFE3-4FB5-BC57-830EE4773198}.Release|x64.Deploy.0 = Release|x64
		{6B413BF9-FFE3-4FB5-BC57-830EE4773198}.Release|x86.ActiveCfg = Release|x86
		{6B413BF9-FFE3-4FB5-BC57-830EE4773198}.Release|x86.Build.0 = Release|x86
		{6B413BF9-FFE3-4FB5-BC57-830EE4773198}.Release|x86.Deploy.0 = Release|x86
		{6B413BF9-FFE3-4FB5-BC57-830EE4773198}.StoreDebug|Any CPU.ActiveCfg = Release|x64
		{6B413BF9-FFE3-4FB5-BC57-830EE4773198}.StoreDebug|Any CPU.Build.0 = Release|x64
		{6B413BF9-FFE3-4FB5-BC57-830EE4773198}.StoreDebug|Any CPU.Deploy.0 = Release|x64
		{6B413BF9-FFE3-4FB5-BC57-830EE4773198}.StoreDebug|ARM.ActiveCfg = Debug|ARM
		{6B413BF9-FFE3-4FB5-BC57-830EE4773198}.StoreDebug|ARM.Build.0 = Debug|ARM
		{6B413BF9-FFE3-4FB5-BC57-830EE4773198}.StoreDebug|ARM.Deploy.0 = Debug|ARM
		{6B413BF9-FFE3-4FB5-BC57-830EE4773198}.StoreDebug|ARM64.ActiveCfg = Release|x64
		{6B413BF9-FFE3-4FB5-BC57-830EE4773198}.StoreDebug|ARM64.Build.0 = Release|x64
		{6B413BF9-FFE3-4FB5-BC57-830EE4773198}.StoreDebug|ARM64.Deploy.0 = Release|x64
		{6B413BF9-FFE3-4FB5-BC57-830EE4773198}.StoreDebug|x64.ActiveCfg = Debug|x64
		{6B413BF9-FFE3-4FB5-BC57-830EE4773198}.StoreDebug|x64.Build.0 = Debug|x64
		{6B413BF9-FFE3-4FB5-BC57-830EE4773198}.StoreDebug|x64.Deploy.0 = Debug|x64
		{6B413BF9-FFE3-4FB5-BC57-830EE4773198}.StoreDebug|x86.ActiveCfg = Debug|x86
		{6B413BF9-FFE3-4FB5-BC57-830EE4773198}.StoreDebug|x86.Build.0 = Debug|x86
		{6B413BF9-FFE3-4FB5-BC57-830EE4773198}.StoreDebug|x86.Deploy.0 = Debug|x86
		{6B413BF9-FFE3-4FB5-BC57-830EE4773198}.StoreRelease|Any CPU.ActiveCfg = Release|x64
		{6B413BF9-FFE3-4FB5-BC57-830EE4773198}.StoreRelease|Any CPU.Build.0 = Release|x64
		{6B413BF9-FFE3-4FB5-BC57-830EE4773198}.StoreRelease|Any CPU.Deploy.0 = Release|x64
		{6B413BF9-FFE3-4FB5-BC57-830EE4773198}.StoreRelease|ARM.ActiveCfg = Release|ARM
		{6B413BF9-FFE3-4FB5-BC57-830EE4773198}.StoreRelease|ARM.Build.0 = Release|ARM
		{6B413BF9-FFE3-4FB5-BC57-830EE4773198}.StoreRelease|ARM.Deploy.0 = Release|ARM
		{6B413BF9-FFE3-4FB5-BC57-830EE4773198}.StoreRelease|ARM64.ActiveCfg = Release|x64
		{6B413BF9-FFE3-4FB5-BC57-830EE4773198}.StoreRelease|ARM64.Build.0 = Release|x64
		{6B413BF9-FFE3-4FB5-BC57-830EE4773198}.StoreRelease|ARM64.Deploy.0 = Release|x64
		{6B413BF9-FFE3-4FB5-BC57-830EE4773198}.StoreRelease|x64.ActiveCfg = Release|x64
		{6B413BF9-FFE3-4FB5-BC57-830EE4773198}.StoreRelease|x64.Build.0 = Release|x64
		{6B413BF9-FFE3-4FB5-BC57-830EE4773198}.StoreRelease|x64.Deploy.0 = Release|x64
		{6B413BF9-FFE3-4FB5-BC57-830EE4773198}.StoreRelease|x86.ActiveCfg = Release|x86
		{6B413BF9-FFE3-4FB5-BC57-830EE4773198}.StoreRelease|x86.Build.0 = Release|x86
		{6B413BF9-FFE3-4FB5-BC57-830EE4773198}.StoreRelease|x86.Deploy.0 = Release|x86
		{D2A81C93-B22F-4A64-B582-8ED6AD8ADC4F}.Debug|Any CPU.ActiveCfg = Debug|Any CPU
		{D2A81C93-B22F-4A64-B582-8ED6AD8ADC4F}.Debug|Any CPU.Build.0 = Debug|Any CPU
		{D2A81C93-B22F-4A64-B582-8ED6AD8ADC4F}.Debug|ARM.ActiveCfg = Debug|ARM
		{D2A81C93-B22F-4A64-B582-8ED6AD8ADC4F}.Debug|ARM.Build.0 = Debug|ARM
		{D2A81C93-B22F-4A64-B582-8ED6AD8ADC4F}.Debug|ARM64.ActiveCfg = Debug|ARM64
		{D2A81C93-B22F-4A64-B582-8ED6AD8ADC4F}.Debug|ARM64.Build.0 = Debug|ARM64
		{D2A81C93-B22F-4A64-B582-8ED6AD8ADC4F}.Debug|x64.ActiveCfg = Debug|x64
		{D2A81C93-B22F-4A64-B582-8ED6AD8ADC4F}.Debug|x64.Build.0 = Debug|x64
		{D2A81C93-B22F-4A64-B582-8ED6AD8ADC4F}.Debug|x86.ActiveCfg = Debug|x86
		{D2A81C93-B22F-4A64-B582-8ED6AD8ADC4F}.Debug|x86.Build.0 = Debug|x86
		{D2A81C93-B22F-4A64-B582-8ED6AD8ADC4F}.Release|Any CPU.ActiveCfg = Release|Any CPU
		{D2A81C93-B22F-4A64-B582-8ED6AD8ADC4F}.Release|Any CPU.Build.0 = Release|Any CPU
		{D2A81C93-B22F-4A64-B582-8ED6AD8ADC4F}.Release|ARM.ActiveCfg = Release|ARM
		{D2A81C93-B22F-4A64-B582-8ED6AD8ADC4F}.Release|ARM.Build.0 = Release|ARM
		{D2A81C93-B22F-4A64-B582-8ED6AD8ADC4F}.Release|ARM64.ActiveCfg = Release|ARM64
		{D2A81C93-B22F-4A64-B582-8ED6AD8ADC4F}.Release|ARM64.Build.0 = Release|ARM64
		{D2A81C93-B22F-4A64-B582-8ED6AD8ADC4F}.Release|x64.ActiveCfg = Release|x64
		{D2A81C93-B22F-4A64-B582-8ED6AD8ADC4F}.Release|x64.Build.0 = Release|x64
		{D2A81C93-B22F-4A64-B582-8ED6AD8ADC4F}.Release|x86.ActiveCfg = Release|x86
		{D2A81C93-B22F-4A64-B582-8ED6AD8ADC4F}.Release|x86.Build.0 = Release|x86
		{D2A81C93-B22F-4A64-B582-8ED6AD8ADC4F}.StoreDebug|Any CPU.ActiveCfg = Debug|Any CPU
		{D2A81C93-B22F-4A64-B582-8ED6AD8ADC4F}.StoreDebug|Any CPU.Build.0 = Debug|Any CPU
		{D2A81C93-B22F-4A64-B582-8ED6AD8ADC4F}.StoreDebug|ARM.ActiveCfg = Debug|ARM
		{D2A81C93-B22F-4A64-B582-8ED6AD8ADC4F}.StoreDebug|ARM.Build.0 = Debug|ARM
		{D2A81C93-B22F-4A64-B582-8ED6AD8ADC4F}.StoreDebug|ARM64.ActiveCfg = Debug|Any CPU
		{D2A81C93-B22F-4A64-B582-8ED6AD8ADC4F}.StoreDebug|ARM64.Build.0 = Debug|Any CPU
		{D2A81C93-B22F-4A64-B582-8ED6AD8ADC4F}.StoreDebug|x64.ActiveCfg = Debug|x64
		{D2A81C93-B22F-4A64-B582-8ED6AD8ADC4F}.StoreDebug|x64.Build.0 = Debug|x64
		{D2A81C93-B22F-4A64-B582-8ED6AD8ADC4F}.StoreDebug|x86.ActiveCfg = Debug|x86
		{D2A81C93-B22F-4A64-B582-8ED6AD8ADC4F}.StoreDebug|x86.Build.0 = Debug|x86
		{D2A81C93-B22F-4A64-B582-8ED6AD8ADC4F}.StoreRelease|Any CPU.ActiveCfg = Release|Any CPU
		{D2A81C93-B22F-4A64-B582-8ED6AD8ADC4F}.StoreRelease|Any CPU.Build.0 = Release|Any CPU
		{D2A81C93-B22F-4A64-B582-8ED6AD8ADC4F}.StoreRelease|ARM.ActiveCfg = Release|ARM
		{D2A81C93-B22F-4A64-B582-8ED6AD8ADC4F}.StoreRelease|ARM.Build.0 = Release|ARM
		{D2A81C93-B22F-4A64-B582-8ED6AD8ADC4F}.StoreRelease|ARM64.ActiveCfg = Release|Any CPU
		{D2A81C93-B22F-4A64-B582-8ED6AD8ADC4F}.StoreRelease|ARM64.Build.0 = Release|Any CPU
		{D2A81C93-B22F-4A64-B582-8ED6AD8ADC4F}.StoreRelease|x64.ActiveCfg = Release|x64
		{D2A81C93-B22F-4A64-B582-8ED6AD8ADC4F}.StoreRelease|x64.Build.0 = Release|x64
		{D2A81C93-B22F-4A64-B582-8ED6AD8ADC4F}.StoreRelease|x86.ActiveCfg = Release|x86
		{D2A81C93-B22F-4A64-B582-8ED6AD8ADC4F}.StoreRelease|x86.Build.0 = Release|x86
		{1A9B9624-DCDE-47F9-B12E-64061B85EC72}.Debug|Any CPU.ActiveCfg = Debug|Any CPU
		{1A9B9624-DCDE-47F9-B12E-64061B85EC72}.Debug|Any CPU.Build.0 = Debug|Any CPU
		{1A9B9624-DCDE-47F9-B12E-64061B85EC72}.Debug|ARM.ActiveCfg = Debug|ARM
		{1A9B9624-DCDE-47F9-B12E-64061B85EC72}.Debug|ARM.Build.0 = Debug|ARM
		{1A9B9624-DCDE-47F9-B12E-64061B85EC72}.Debug|ARM64.ActiveCfg = Debug|ARM64
		{1A9B9624-DCDE-47F9-B12E-64061B85EC72}.Debug|ARM64.Build.0 = Debug|ARM64
		{1A9B9624-DCDE-47F9-B12E-64061B85EC72}.Debug|x64.ActiveCfg = Debug|x64
		{1A9B9624-DCDE-47F9-B12E-64061B85EC72}.Debug|x64.Build.0 = Debug|x64
		{1A9B9624-DCDE-47F9-B12E-64061B85EC72}.Debug|x86.ActiveCfg = Debug|x86
		{1A9B9624-DCDE-47F9-B12E-64061B85EC72}.Debug|x86.Build.0 = Debug|x86
		{1A9B9624-DCDE-47F9-B12E-64061B85EC72}.Release|Any CPU.ActiveCfg = Release|Any CPU
		{1A9B9624-DCDE-47F9-B12E-64061B85EC72}.Release|Any CPU.Build.0 = Release|Any CPU
		{1A9B9624-DCDE-47F9-B12E-64061B85EC72}.Release|ARM.ActiveCfg = Release|ARM
		{1A9B9624-DCDE-47F9-B12E-64061B85EC72}.Release|ARM.Build.0 = Release|ARM
		{1A9B9624-DCDE-47F9-B12E-64061B85EC72}.Release|ARM64.ActiveCfg = Release|ARM64
		{1A9B9624-DCDE-47F9-B12E-64061B85EC72}.Release|ARM64.Build.0 = Release|ARM64
		{1A9B9624-DCDE-47F9-B12E-64061B85EC72}.Release|x64.ActiveCfg = Release|x64
		{1A9B9624-DCDE-47F9-B12E-64061B85EC72}.Release|x64.Build.0 = Release|x64
		{1A9B9624-DCDE-47F9-B12E-64061B85EC72}.Release|x86.ActiveCfg = Release|x86
		{1A9B9624-DCDE-47F9-B12E-64061B85EC72}.Release|x86.Build.0 = Release|x86
		{1A9B9624-DCDE-47F9-B12E-64061B85EC72}.StoreDebug|Any CPU.ActiveCfg = StoreDebug|Any CPU
		{1A9B9624-DCDE-47F9-B12E-64061B85EC72}.StoreDebug|Any CPU.Build.0 = StoreDebug|Any CPU
		{1A9B9624-DCDE-47F9-B12E-64061B85EC72}.StoreDebug|ARM.ActiveCfg = StoreDebug|ARM
		{1A9B9624-DCDE-47F9-B12E-64061B85EC72}.StoreDebug|ARM.Build.0 = StoreDebug|ARM
		{1A9B9624-DCDE-47F9-B12E-64061B85EC72}.StoreDebug|ARM64.ActiveCfg = StoreDebug|Any CPU
		{1A9B9624-DCDE-47F9-B12E-64061B85EC72}.StoreDebug|ARM64.Build.0 = StoreDebug|Any CPU
		{1A9B9624-DCDE-47F9-B12E-64061B85EC72}.StoreDebug|x64.ActiveCfg = StoreDebug|x64
		{1A9B9624-DCDE-47F9-B12E-64061B85EC72}.StoreDebug|x64.Build.0 = StoreDebug|x64
		{1A9B9624-DCDE-47F9-B12E-64061B85EC72}.StoreDebug|x86.ActiveCfg = StoreDebug|x86
		{1A9B9624-DCDE-47F9-B12E-64061B85EC72}.StoreDebug|x86.Build.0 = StoreDebug|x86
		{1A9B9624-DCDE-47F9-B12E-64061B85EC72}.StoreRelease|Any CPU.ActiveCfg = StoreRelease|Any CPU
		{1A9B9624-DCDE-47F9-B12E-64061B85EC72}.StoreRelease|Any CPU.Build.0 = StoreRelease|Any CPU
		{1A9B9624-DCDE-47F9-B12E-64061B85EC72}.StoreRelease|ARM.ActiveCfg = StoreRelease|ARM
		{1A9B9624-DCDE-47F9-B12E-64061B85EC72}.StoreRelease|ARM.Build.0 = StoreRelease|ARM
		{1A9B9624-DCDE-47F9-B12E-64061B85EC72}.StoreRelease|ARM64.ActiveCfg = StoreRelease|Any CPU
		{1A9B9624-DCDE-47F9-B12E-64061B85EC72}.StoreRelease|ARM64.Build.0 = StoreRelease|Any CPU
		{1A9B9624-DCDE-47F9-B12E-64061B85EC72}.StoreRelease|x64.ActiveCfg = StoreRelease|x64
		{1A9B9624-DCDE-47F9-B12E-64061B85EC72}.StoreRelease|x64.Build.0 = StoreRelease|x64
		{1A9B9624-DCDE-47F9-B12E-64061B85EC72}.StoreRelease|x86.ActiveCfg = StoreRelease|x86
		{1A9B9624-DCDE-47F9-B12E-64061B85EC72}.StoreRelease|x86.Build.0 = StoreRelease|x86
		{434FF158-6783-40B2-B32E-7D4AB0F2A9E9}.Debug|Any CPU.ActiveCfg = Debug|Win32
		{434FF158-6783-40B2-B32E-7D4AB0F2A9E9}.Debug|ARM.ActiveCfg = Debug|ARM
		{434FF158-6783-40B2-B32E-7D4AB0F2A9E9}.Debug|ARM.Build.0 = Debug|ARM
		{434FF158-6783-40B2-B32E-7D4AB0F2A9E9}.Debug|ARM64.ActiveCfg = Debug|ARM64
		{434FF158-6783-40B2-B32E-7D4AB0F2A9E9}.Debug|ARM64.Build.0 = Debug|ARM64
		{434FF158-6783-40B2-B32E-7D4AB0F2A9E9}.Debug|x64.ActiveCfg = Debug|x64
		{434FF158-6783-40B2-B32E-7D4AB0F2A9E9}.Debug|x64.Build.0 = Debug|x64
		{434FF158-6783-40B2-B32E-7D4AB0F2A9E9}.Debug|x86.ActiveCfg = Debug|Win32
		{434FF158-6783-40B2-B32E-7D4AB0F2A9E9}.Debug|x86.Build.0 = Debug|Win32
		{434FF158-6783-40B2-B32E-7D4AB0F2A9E9}.Release|Any CPU.ActiveCfg = Release|Win32
		{434FF158-6783-40B2-B32E-7D4AB0F2A9E9}.Release|ARM.ActiveCfg = Release|ARM
		{434FF158-6783-40B2-B32E-7D4AB0F2A9E9}.Release|ARM.Build.0 = Release|ARM
		{434FF158-6783-40B2-B32E-7D4AB0F2A9E9}.Release|ARM64.ActiveCfg = Release|ARM64
		{434FF158-6783-40B2-B32E-7D4AB0F2A9E9}.Release|ARM64.Build.0 = Release|ARM64
		{434FF158-6783-40B2-B32E-7D4AB0F2A9E9}.Release|x64.ActiveCfg = Release|x64
		{434FF158-6783-40B2-B32E-7D4AB0F2A9E9}.Release|x64.Build.0 = Release|x64
		{434FF158-6783-40B2-B32E-7D4AB0F2A9E9}.Release|x86.ActiveCfg = Release|Win32
		{434FF158-6783-40B2-B32E-7D4AB0F2A9E9}.Release|x86.Build.0 = Release|Win32
		{434FF158-6783-40B2-B32E-7D4AB0F2A9E9}.StoreDebug|Any CPU.ActiveCfg = Release|x64
		{434FF158-6783-40B2-B32E-7D4AB0F2A9E9}.StoreDebug|Any CPU.Build.0 = Release|x64
		{434FF158-6783-40B2-B32E-7D4AB0F2A9E9}.StoreDebug|ARM.ActiveCfg = Debug|ARM
		{434FF158-6783-40B2-B32E-7D4AB0F2A9E9}.StoreDebug|ARM.Build.0 = Debug|ARM
		{434FF158-6783-40B2-B32E-7D4AB0F2A9E9}.StoreDebug|ARM64.ActiveCfg = Debug|ARM64
		{434FF158-6783-40B2-B32E-7D4AB0F2A9E9}.StoreDebug|ARM64.Build.0 = Debug|ARM64
		{434FF158-6783-40B2-B32E-7D4AB0F2A9E9}.StoreDebug|x64.ActiveCfg = Debug|x64
		{434FF158-6783-40B2-B32E-7D4AB0F2A9E9}.StoreDebug|x64.Build.0 = Debug|x64
		{434FF158-6783-40B2-B32E-7D4AB0F2A9E9}.StoreDebug|x86.ActiveCfg = Debug|Win32
		{434FF158-6783-40B2-B32E-7D4AB0F2A9E9}.StoreDebug|x86.Build.0 = Debug|Win32
		{434FF158-6783-40B2-B32E-7D4AB0F2A9E9}.StoreRelease|Any CPU.ActiveCfg = Release|x64
		{434FF158-6783-40B2-B32E-7D4AB0F2A9E9}.StoreRelease|Any CPU.Build.0 = Release|x64
		{434FF158-6783-40B2-B32E-7D4AB0F2A9E9}.StoreRelease|ARM.ActiveCfg = Release|ARM
		{434FF158-6783-40B2-B32E-7D4AB0F2A9E9}.StoreRelease|ARM.Build.0 = Release|ARM
		{434FF158-6783-40B2-B32E-7D4AB0F2A9E9}.StoreRelease|ARM64.ActiveCfg = Release|ARM64
		{434FF158-6783-40B2-B32E-7D4AB0F2A9E9}.StoreRelease|ARM64.Build.0 = Release|ARM64
		{434FF158-6783-40B2-B32E-7D4AB0F2A9E9}.StoreRelease|x64.ActiveCfg = Release|x64
		{434FF158-6783-40B2-B32E-7D4AB0F2A9E9}.StoreRelease|x64.Build.0 = Release|x64
		{434FF158-6783-40B2-B32E-7D4AB0F2A9E9}.StoreRelease|x86.ActiveCfg = Release|Win32
		{434FF158-6783-40B2-B32E-7D4AB0F2A9E9}.StoreRelease|x86.Build.0 = Release|Win32
		{84A7225C-2DAF-410D-AB85-282AB220A89F}.Debug|Any CPU.ActiveCfg = Debug|Win32
		{84A7225C-2DAF-410D-AB85-282AB220A89F}.Debug|ARM.ActiveCfg = Debug|ARM
		{84A7225C-2DAF-410D-AB85-282AB220A89F}.Debug|ARM.Build.0 = Debug|ARM
		{84A7225C-2DAF-410D-AB85-282AB220A89F}.Debug|ARM64.ActiveCfg = Debug|ARM64
		{84A7225C-2DAF-410D-AB85-282AB220A89F}.Debug|ARM64.Build.0 = Debug|ARM64
		{84A7225C-2DAF-410D-AB85-282AB220A89F}.Debug|x64.ActiveCfg = Debug|x64
		{84A7225C-2DAF-410D-AB85-282AB220A89F}.Debug|x64.Build.0 = Debug|x64
		{84A7225C-2DAF-410D-AB85-282AB220A89F}.Debug|x86.ActiveCfg = Debug|Win32
		{84A7225C-2DAF-410D-AB85-282AB220A89F}.Debug|x86.Build.0 = Debug|Win32
		{84A7225C-2DAF-410D-AB85-282AB220A89F}.Release|Any CPU.ActiveCfg = Release|Win32
		{84A7225C-2DAF-410D-AB85-282AB220A89F}.Release|ARM.ActiveCfg = Release|ARM
		{84A7225C-2DAF-410D-AB85-282AB220A89F}.Release|ARM.Build.0 = Release|ARM
		{84A7225C-2DAF-410D-AB85-282AB220A89F}.Release|ARM64.ActiveCfg = Release|ARM64
		{84A7225C-2DAF-410D-AB85-282AB220A89F}.Release|ARM64.Build.0 = Release|ARM64
		{84A7225C-2DAF-410D-AB85-282AB220A89F}.Release|x64.ActiveCfg = Release|x64
		{84A7225C-2DAF-410D-AB85-282AB220A89F}.Release|x64.Build.0 = Release|x64
		{84A7225C-2DAF-410D-AB85-282AB220A89F}.Release|x86.ActiveCfg = Release|Win32
		{84A7225C-2DAF-410D-AB85-282AB220A89F}.Release|x86.Build.0 = Release|Win32
		{84A7225C-2DAF-410D-AB85-282AB220A89F}.StoreDebug|Any CPU.ActiveCfg = Release|x64
		{84A7225C-2DAF-410D-AB85-282AB220A89F}.StoreDebug|Any CPU.Build.0 = Release|x64
		{84A7225C-2DAF-410D-AB85-282AB220A89F}.StoreDebug|ARM.ActiveCfg = Debug|ARM
		{84A7225C-2DAF-410D-AB85-282AB220A89F}.StoreDebug|ARM.Build.0 = Debug|ARM
		{84A7225C-2DAF-410D-AB85-282AB220A89F}.StoreDebug|ARM64.ActiveCfg = Debug|ARM64
		{84A7225C-2DAF-410D-AB85-282AB220A89F}.StoreDebug|ARM64.Build.0 = Debug|ARM64
		{84A7225C-2DAF-410D-AB85-282AB220A89F}.StoreDebug|x64.ActiveCfg = Debug|x64
		{84A7225C-2DAF-410D-AB85-282AB220A89F}.StoreDebug|x64.Build.0 = Debug|x64
		{84A7225C-2DAF-410D-AB85-282AB220A89F}.StoreDebug|x86.ActiveCfg = Debug|Win32
		{84A7225C-2DAF-410D-AB85-282AB220A89F}.StoreDebug|x86.Build.0 = Debug|Win32
		{84A7225C-2DAF-410D-AB85-282AB220A89F}.StoreRelease|Any CPU.ActiveCfg = Release|x64
		{84A7225C-2DAF-410D-AB85-282AB220A89F}.StoreRelease|Any CPU.Build.0 = Release|x64
		{84A7225C-2DAF-410D-AB85-282AB220A89F}.StoreRelease|ARM.ActiveCfg = Release|ARM
		{84A7225C-2DAF-410D-AB85-282AB220A89F}.StoreRelease|ARM.Build.0 = Release|ARM
		{84A7225C-2DAF-410D-AB85-282AB220A89F}.StoreRelease|ARM64.ActiveCfg = Release|ARM64
		{84A7225C-2DAF-410D-AB85-282AB220A89F}.StoreRelease|ARM64.Build.0 = Release|ARM64
		{84A7225C-2DAF-410D-AB85-282AB220A89F}.StoreRelease|x64.ActiveCfg = Release|x64
		{84A7225C-2DAF-410D-AB85-282AB220A89F}.StoreRelease|x64.Build.0 = Release|x64
		{84A7225C-2DAF-410D-AB85-282AB220A89F}.StoreRelease|x86.ActiveCfg = Release|Win32
		{84A7225C-2DAF-410D-AB85-282AB220A89F}.StoreRelease|x86.Build.0 = Release|Win32
	EndGlobalSection
	GlobalSection(SolutionProperties) = preSolution
		HideSolutionNode = FALSE
	EndGlobalSection
	GlobalSection(ExtensibilityGlobals) = postSolution
		SolutionGuid = {2439DC09-C7CD-41B8-AC11-2D008E380CBA}
	EndGlobalSection
EndGlobal
